lockfileVersion: '9.0'

settings:
  autoInstallPeers: true
  excludeLinksFromLockfile: false

importers:

  .:
    dependencies:
      '@ai16z/eliza':
        specifier: workspace:*
        version: link:../core
      '@ai16z/plugin-node':
        specifier: workspace:*
        version: link:../plugin-node
