lockfileVersion: '9.0'

settings:
  autoInstallPeers: true
  excludeLinksFromLockfile: false

importers:

  .:
    dependencies:
      '@ai16z/eliza':
        specifier: workspace:*
        version: link:../core
      cive:
        specifier: 0.7.1
        version: 0.7.1

packages:

  '@adraffy/ens-normalize@1.11.0':
    resolution: {integrity: sha512-/3DDPKHqqIqxUULp8yP4zODUY1i+2xvVWsv8A79xGWdCAG+8sb0hRh0Rk2QyOJUnnbyPUAZYcpBuRe3nS2OIUg==}

  '@noble/curves@1.7.0':
    resolution: {integrity: sha512-UTMhXK9SeDhFJVrHeUJ5uZlI6ajXg10O6Ddocf9S6GjbSBVZsJo88HzKwXznNfGpMTRDyJkqMjNDPYgf0qFWnw==}
    engines: {node: ^14.21.3 || >=16}

  '@noble/curves@1.8.0':
    resolution: {integrity: sha512-j84kjAbzEnQHaSIhRPUmB3/eVXu2k3dKPl2LOrR8fSOIL+89U+7lV117EWHtq/GHM3ReGHM46iRBdZfpc4HRUQ==}
    engines: {node: ^14.21.3 || >=16}

  '@noble/hashes@1.6.0':
    resolution: {integrity: sha512-YUULf0Uk4/mAA89w+k3+yUYh6NrEvxZa5T6SY3wlMvE2chHkxFUUIDI8/XW1QSC357iA5pSnqt7XEhvFOqmDyQ==}
    engines: {node: ^14.21.3 || >=16}

  '@noble/hashes@1.6.1':
    resolution: {integrity: sha512-pq5D8h10hHBjyqX+cfBm0i8JUXJ0UhczFc4r74zbuT9XgewFo2E3J1cOaGtdZynILNmQ685YWGzGE1Zv6io50w==}
    engines: {node: ^14.21.3 || >=16}

  '@noble/hashes@1.7.0':
    resolution: {integrity: sha512-HXydb0DgzTpDPwbVeDGCG1gIu7X6+AuU6Zl6av/E/KG8LMsvPntvq+w17CHRpKBmN6Ybdrt1eP3k4cj8DJa78w==}
    engines: {node: ^14.21.3 || >=16}

  '@scure/base@1.2.1':
    resolution: {integrity: sha512-DGmGtC8Tt63J5GfHgfl5CuAXh96VF/LD8K9Hr/Gv0J2lAoRGlPOMpqMpMbCTOoOJMZCk2Xt+DskdDyn6dEFdzQ==}

  '@scure/bip32@1.6.0':
    resolution: {integrity: sha512-82q1QfklrUUdXJzjuRU7iG7D7XiFx5PHYVS0+oeNKhyDLT7WPqs6pBcM2W5ZdwOwKCwoE1Vy1se+DHjcXwCYnA==}

  '@scure/bip32@1.6.1':
    resolution: {integrity: sha512-jSO+5Ud1E588Y+LFo8TaB8JVPNAZw/lGGao+1SepHDeTs2dFLurdNIAgUuDlwezqEjRjElkCJajVrtrZaBxvaQ==}

  '@scure/bip39@1.5.0':
    resolution: {integrity: sha512-Dop+ASYhnrwm9+HA/HwXg7j2ZqM6yk2fyLWb5znexjctFY3+E+eU8cIWI0Pql0Qx4hPZCijlGq4OL71g+Uz30A==}

  '@scure/bip39@1.5.1':
    resolution: {integrity: sha512-GnlufVSP9UdAo/H2Patfv22VTtpNTyfi+I3qCKpvuB5l1KWzEYx+l2TNpBy9Ksh4xTs3Rn06tBlpWCi/1Vz8gw==}

  abitype@1.0.7:
    resolution: {integrity: sha512-ZfYYSktDQUwc2eduYu8C4wOs+RDPmnRYMh7zNfzeMtGGgb0U+6tLGjixUic6mXf5xKKCcgT5Qp6cv39tOARVFw==}
    peerDependencies:
      typescript: '>=5.0.4'
      zod: ^3 >=3.22.0
    peerDependenciesMeta:
      typescript:
        optional: true
      zod:
        optional: true

  cive@0.7.1:
    resolution: {integrity: sha512-DcBpLydad5MMeUjLHRYWXK3oX+bnVqeZDR5NL1dcLsUMUxRTFLndgS29m/oafFQQ95ZOkvtif/kDzhpWG0e5Xw==}

  eventemitter3@5.0.1:
    resolution: {integrity: sha512-GWkBvjiSZK87ELrYOSESUYeVIc9mvLLf/nXalMOS5dYrgZq9o5OVkbZAVM06CVxYsCwH9BDZFPlQTlPA1j4ahA==}

  isows@1.0.6:
    resolution: {integrity: sha512-lPHCayd40oW98/I0uvgaHKWCSvkzY27LjWLbtzOm64yQ+G3Q5npjjbdppU65iZXkK1Zt+kH9pfegli0AYfwYYw==}
    peerDependencies:
      ws: '*'

  ox@0.6.0:
    resolution: {integrity: sha512-blUzTLidvUlshv0O02CnLFqBLidNzPoAZdIth894avUAotTuWziznv6IENv5idRuOSSP3dH8WzcYw84zVdu0Aw==}
    peerDependencies:
      typescript: '>=5.4.0'
    peerDependenciesMeta:
      typescript:
        optional: true

  viem@2.22.4:
    resolution: {integrity: sha512-35/T2ySpUM0kUVEy2SkaWIAIabSRzF/IZxDdnLxuaI1pwURC92ZiHa9J9nL1rWGl0HTyAqUxcycgJEpOvHrcQA==}
    peerDependencies:
      typescript: '>=5.0.4'
    peerDependenciesMeta:
      typescript:
        optional: true

  webauthn-p256@0.0.10:
    resolution: {integrity: sha512-EeYD+gmIT80YkSIDb2iWq0lq2zbHo1CxHlQTeJ+KkCILWpVy3zASH3ByD4bopzfk0uCwXxLqKGLqp2W4O28VFA==}

  ws@8.18.0:
    resolution: {integrity: sha512-8VbfWfHLbbwu3+N6OKsOMpBdT4kXPDDB9cJk2bJ6mh9ucxdlnNvH1e+roYkKmN9Nxw2yjz7VzeO9oOz2zJ04Pw==}
    engines: {node: '>=10.0.0'}
    peerDependencies:
      bufferutil: ^4.0.1
      utf-8-validate: '>=5.0.2'
    peerDependenciesMeta:
      bufferutil:
        optional: true
      utf-8-validate:
        optional: true

  zod@3.24.1:
    resolution: {integrity: sha512-muH7gBL9sI1nciMZV67X5fTKKBLtwpZ5VBp1vsOQzj1MhrBZ4wlVCm3gedKZWLp0Oyel8sIGfeiz54Su+OVT+A==}

snapshots:

  '@adraffy/ens-normalize@1.11.0': {}

  '@noble/curves@1.7.0':
    dependencies:
      '@noble/hashes': 1.6.0

  '@noble/curves@1.8.0':
    dependencies:
      '@noble/hashes': 1.7.0

  '@noble/hashes@1.6.0': {}

  '@noble/hashes@1.6.1': {}

  '@noble/hashes@1.7.0': {}

  '@scure/base@1.2.1': {}

  '@scure/bip32@1.6.0':
    dependencies:
      '@noble/curves': 1.7.0
      '@noble/hashes': 1.6.1
      '@scure/base': 1.2.1

  '@scure/bip32@1.6.1':
    dependencies:
      '@noble/curves': 1.8.0
      '@noble/hashes': 1.7.0
      '@scure/base': 1.2.1

  '@scure/bip39@1.5.0':
    dependencies:
      '@noble/hashes': 1.6.1
      '@scure/base': 1.2.1

  '@scure/bip39@1.5.1':
    dependencies:
      '@noble/hashes': 1.7.0
      '@scure/base': 1.2.1

  abitype@1.0.7(zod@3.24.1):
    optionalDependencies:
      zod: 3.24.1

  cive@0.7.1:
    dependencies:
      '@noble/curves': 1.8.0
      '@noble/hashes': 1.7.0
      '@scure/bip32': 1.6.1
      '@scure/bip39': 1.5.1
      viem: 2.22.4(zod@3.24.1)
      zod: 3.24.1
    transitivePeerDependencies:
      - bufferutil
      - typescript
      - utf-8-validate

  eventemitter3@5.0.1: {}

  isows@1.0.6(ws@8.18.0):
    dependencies:
      ws: 8.18.0

  ox@0.6.0(zod@3.24.1):
    dependencies:
      '@adraffy/ens-normalize': 1.11.0
      '@noble/curves': 1.8.0
      '@noble/hashes': 1.7.0
      '@scure/bip32': 1.6.1
      '@scure/bip39': 1.5.1
      abitype: 1.0.7(zod@3.24.1)
      eventemitter3: 5.0.1
    transitivePeerDependencies:
      - zod

  viem@2.22.4(zod@3.24.1):
    dependencies:
      '@noble/curves': 1.7.0
      '@noble/hashes': 1.6.1
      '@scure/bip32': 1.6.0
      '@scure/bip39': 1.5.0
      abitype: 1.0.7(zod@3.24.1)
      isows: 1.0.6(ws@8.18.0)
      ox: 0.6.0(zod@3.24.1)
      webauthn-p256: 0.0.10
      ws: 8.18.0
    transitivePeerDependencies:
      - bufferutil
      - utf-8-validate
      - zod

  webauthn-p256@0.0.10:
    dependencies:
      '@noble/curves': 1.8.0
      '@noble/hashes': 1.7.0

  ws@8.18.0: {}

  zod@3.24.1: {}
